
Microsoft Visual Studio Solution File, Format Version 12.00
# Visual Studio Version 17
VisualStudioVersion = 17.13.35828.75 d17.13
MinimumVisualStudioVersion = 10.0.40219.1
Project("{FAE04EC0-301F-11D3-BF4B-00C04F79EFBC}") = "Aula4", "Aula4\Aula4\Aula4.csproj", "{84B5A9C3-305E-4E7D-ACEE-988B6BDE3ACA}"
EndProject
Project("{FAE04EC0-301F-11D3-BF4B-00C04F79EFBC}") = "Aula4.WinUI", "Aula4\Aula4.WinUI\Aula4.WinUI.csproj", "{DCC1189F-BB1D-4650-83F8-9A2C2E88DD7F}"
EndProject
Global
	GlobalSection(SolutionConfigurationPlatforms) = preSolution
		Debug|Any CPU = Debug|Any CPU
		Release|Any CPU = Release|Any CPU
	EndGlobalSection
	GlobalSection(ProjectConfigurationPlatforms) = postSolution
		{84B5A9C3-305E-4E7D-ACEE-988B6BDE3ACA}.Debug|Any CPU.ActiveCfg = Debug|Any CPU
		{84B5A9C3-305E-4E7D-ACEE-988B6BDE3ACA}.Debug|Any CPU.Build.0 = Debug|Any CPU
		{84B5A9C3-305E-4E7D-ACEE-988B6BDE3ACA}.Release|Any CPU.ActiveCfg = Release|Any CPU
		{84B5A9C3-305E-4E7D-ACEE-988B6BDE3ACA}.Release|Any CPU.Build.0 = Release|Any CPU
		{DCC1189F-BB1D-4650-83F8-9A2C2E88DD7F}.Debug|Any CPU.ActiveCfg = Debug|x64
		{DCC1189F-BB1D-4650-83F8-9A2C2E88DD7F}.Debug|Any CPU.Build.0 = Debug|x64
		{DCC1189F-BB1D-4650-83F8-9A2C2E88DD7F}.Release|Any CPU.ActiveCfg = Release|x64
		{DCC1189F-BB1D-4650-83F8-9A2C2E88DD7F}.Release|Any CPU.Build.0 = Release|x64
	EndGlobalSection
	GlobalSection(SolutionProperties) = preSolution
		HideSolutionNode = FALSE
	EndGlobalSection
	GlobalSection(ExtensibilityGlobals) = postSolution
		SolutionGuid = {24EA6881-E66C-4CFD-8445-787A2BFBD474}
	EndGlobalSection
EndGlobal
