
Microsoft Visual Studio Solution File, Format Version 12.00
# Visual Studio Version 17
VisualStudioVersion = 17.13.35806.99 d17.13
MinimumVisualStudioVersion = 10.0.40219.1
Project("{FAE04EC0-301F-11D3-BF4B-00C04F79EFBC}") = "MauiApp2", "MauiApp2\MauiApp2.csproj", "{90CE794C-0189-4CA5-80B1-9CCD14C83932}"
EndProject
Global
	GlobalSection(SolutionConfigurationPlatforms) = preSolution
		Debug|Any CPU = Debug|Any CPU
		Release|Any CPU = Release|Any CPU
	EndGlobalSection
	GlobalSection(ProjectConfigurationPlatforms) = postSolution
		{90CE794C-0189-4CA5-80B1-9CCD14C83932}.Debug|Any CPU.ActiveCfg = Debug|Any CPU
		{90CE794C-0189-4CA5-80B1-9CCD14C83932}.Debug|Any CPU.Build.0 = Debug|Any CPU
		{90CE794C-0189-4CA5-80B1-9CCD14C83932}.Release|Any CPU.ActiveCfg = Release|Any CPU
		{90CE794C-0189-4CA5-80B1-9CCD14C83932}.Release|Any CPU.Build.0 = Release|Any CPU
	EndGlobalSection
	GlobalSection(SolutionProperties) = preSolution
		HideSolutionNode = FALSE
	EndGlobalSection
	GlobalSection(ExtensibilityGlobals) = postSolution
		SolutionGuid = {FF661D55-22D7-4BD6-A5C2-E4C04DF075B9}
	EndGlobalSection
EndGlobal
